// !$*UTF8*$!
{
	archiveVersion = 1;
	classes = {
	};
	objectVersion = 55;
	objects = {

/* Begin PBXBuildFile section */
		DD6268DB282BE3AB00781CEF /* BirdDexApp.swift in Sources */ = {isa = PBXBuildFile; fileRef = DD6268DA282BE3AB00781CEF /* BirdDexApp.swift */; };
		DD6268DD282BE3AB00781CEF /* ContentView.swift in Sources */ = {isa = PBXBuildFile; fileRef = DD6268DC282BE3AB00781CEF /* ContentView.swift */; };
		DD6268DF282BE3AD00781CEF /* Assets.xcassets in Resources */ = {isa = PBXBuildFile; fileRef = DD6268DE282BE3AD00781CEF /* Assets.xcassets */; };
		DD6268E2282BE3AD00781CEF /* Preview Assets.xcassets in Resources */ = {isa = PBXBuildFile; fileRef = DD6268E1282BE3AD00781CEF /* Preview Assets.xcassets */; };
		DD6268EA282BE3D400781CEF /* CatalogoView.swift in Sources */ = {isa = PBXBuildFile; fileRef = DD6268E9282BE3D400781CEF /* CatalogoView.swift */; };
		DD6268EC282BE3EB00781CEF /* FavoritosView.swift in Sources */ = {isa = PBXBuildFile; fileRef = DD6268EB282BE3EB00781CEF /* FavoritosView.swift */; };
		DD6268F0282BEA4900781CEF /* CardAnimalView.swift in Sources */ = {isa = PBXBuildFile; fileRef = DD6268EF282BEA4900781CEF /* CardAnimalView.swift */; };
		DDEA7847282C867900F958F0 /* Passaro.swift in Sources */ = {isa = PBXBuildFile; fileRef = DDEA7846282C867900F958F0 /* Passaro.swift */; };
/* End PBXBuildFile section */

/* Begin PBXFileReference section */
		DD6268D7282BE3AB00781CEF /* BirdDex.app */ = {isa = PBXFileReference; explicitFileType = wrapper.application; includeInIndex = 0; path = BirdDex.app; sourceTree = BUILT_PRODUCTS_DIR; };
		DD6268DA282BE3AB00781CEF /* BirdDexApp.swift */ = {isa = PBXFileReference; lastKnownFileType = sourcecode.swift; path = BirdDexApp.swift; sourceTree = "<group>"; };
		DD6268DC282BE3AB00781CEF /* ContentView.swift */ = {isa = PBXFileReference; lastKnownFileType = sourcecode.swift; path = ContentView.swift; sourceTree = "<group>"; };
		DD6268DE282BE3AD00781CEF /* Assets.xcassets */ = {isa = PBXFileReference; lastKnownFileType = folder.assetcatalog; path = Assets.xcassets; sourceTree = "<group>"; };
		DD6268E1282BE3AD00781CEF /* Preview Assets.xcassets */ = {isa = PBXFileReference; lastKnownFileType = folder.assetcatalog; path = "Preview Assets.xcassets"; sourceTree = "<group>"; };
		DD6268E9282BE3D400781CEF /* CatalogoView.swift */ = {isa = PBXFileReference; lastKnownFileType = sourcecode.swift; path = CatalogoView.swift; sourceTree = "<group>"; };
		DD6268EB282BE3EB00781CEF /* FavoritosView.swift */ = {isa = PBXFileReference; lastKnownFileType = sourcecode.swift; path = FavoritosView.swift; sourceTree = "<group>"; };
		DD6268EF282BEA4900781CEF /* CardAnimalView.swift */ = {isa = PBXFileReference; lastKnownFileType = sourcecode.swift; path = CardAnimalView.swift; sourceTree = "<group>"; };
		DDEA7846282C867900F958F0 /* Passaro.swift */ = {isa = PBXFileReference; lastKnownFileType = sourcecode.swift; path = Passaro.swift; sourceTree = "<group>"; };
/* End PBXFileReference section */

/* Begin PBXFrameworksBuildPhase section */
		DD6268D4282BE3AB00781CEF /* Frameworks */ = {
			isa = PBXFrameworksBuildPhase;
			buildActionMask = 2147483647;
			files = (
			);
			runOnlyForDeploymentPostprocessing = 0;
		};
/* End PBXFrameworksBuildPhase section */

/* Begin PBXGroup section */
		DD6268CE282BE3AB00781CEF = {
			isa = PBXGroup;
			children = (
				DD6268D9282BE3AB00781CEF /* BirdDex */,
				DD6268D8282BE3AB00781CEF /* Products */,
			);
			sourceTree = "<group>";
		};
		DD6268D8282BE3AB00781CEF /* Products */ = {
			isa = PBXGroup;
			children = (
				DD6268D7282BE3AB00781CEF /* BirdDex.app */,
			);
			name = Products;
			sourceTree = "<group>";
		};
		DD6268D9282BE3AB00781CEF /* BirdDex */ = {
			isa = PBXGroup;
			children = (
				DD6268E8282BE3BD00781CEF /* View */,
				DD6268DA282BE3AB00781CEF /* BirdDexApp.swift */,
				DD6268DC282BE3AB00781CEF /* ContentView.swift */,
				DDEA7845282C865700F958F0 /* Model */,
				DD6268DE282BE3AD00781CEF /* Assets.xcassets */,
				DD6268E0282BE3AD00781CEF /* Preview Content */,
			);
			path = BirdDex;
			sourceTree = "<group>";
		};
		DD6268E0282BE3AD00781CEF /* Preview Content */ = {
			isa = PBXGroup;
			children = (
				DD6268E1282BE3AD00781CEF /* Preview Assets.xcassets */,
			);
			path = "Preview Content";
			sourceTree = "<group>";
		};
		DD6268E8282BE3BD00781CEF /* View */ = {
			isa = PBXGroup;
			children = (
				DD6268E9282BE3D400781CEF /* CatalogoView.swift */,
				DD6268EF282BEA4900781CEF /* CardAnimalView.swift */,
				DD6268EB282BE3EB00781CEF /* FavoritosView.swift */,
			);
			path = View;
			sourceTree = "<group>";
		};
		DDEA7845282C865700F958F0 /* Model */ = {
			isa = PBXGroup;
			children = (
				DDEA7846282C867900F958F0 /* Passaro.swift */,
			);
			path = Model;
			sourceTree = "<group>";
		};
/* End PBXGroup section */

/* Begin PBXNativeTarget section */
		DD6268D6282BE3AB00781CEF /* BirdDex */ = {
			isa = PBXNativeTarget;
			buildConfigurationList = DD6268E5282BE3AD00781CEF /* Build configuration list for PBXNativeTarget "BirdDex" */;
			buildPhases = (
				DD6268D3282BE3AB00781CEF /* Sources */,
				DD6268D4282BE3AB00781CEF /* Frameworks */,
				DD6268D5282BE3AB00781CEF /* Resources */,
			);
			buildRules = (
			);
			dependencies = (
			);
			name = BirdDex;
			productName = BirdDex;
			productReference = DD6268D7282BE3AB00781CEF /* BirdDex.app */;
			productType = "com.apple.product-type.application";
		};
/* End PBXNativeTarget section */

/* Begin PBXProject section */
		DD6268CF282BE3AB00781CEF /* Project object */ = {
			isa = PBXProject;
			attributes = {
				BuildIndependentTargetsInParallel = 1;
				LastSwiftUpdateCheck = 1330;
				LastUpgradeCheck = 1330;
				TargetAttributes = {
					DD6268D6282BE3AB00781CEF = {
						CreatedOnToolsVersion = 13.3.1;
					};
				};
			};
			buildConfigurationList = DD6268D2282BE3AB00781CEF /* Build configuration list for PBXProject "BirdDex" */;
			compatibilityVersion = "Xcode 13.0";
			developmentRegion = en;
			hasScannedForEncodings = 0;
			knownRegions = (
				en,
				Base,
			);
			mainGroup = DD6268CE282BE3AB00781CEF;
			productRefGroup = DD6268D8282BE3AB00781CEF /* Products */;
			projectDirPath = "";
			projectRoot = "";
			targets = (
				DD6268D6282BE3AB00781CEF /* BirdDex */,
			);
		};
/* End PBXProject section */

/* Begin PBXResourcesBuildPhase section */
		DD6268D5282BE3AB00781CEF /* Resources */ = {
			isa = PBXResourcesBuildPhase;
			buildActionMask = 2147483647;
			files = (
				DD6268E2282BE3AD00781CEF /* Preview Assets.xcassets in Resources */,
				DD6268DF282BE3AD00781CEF /* Assets.xcassets in Resources */,
			);
			runOnlyForDeploymentPostprocessing = 0;
		};
/* End PBXResourcesBuildPhase section */

/* Begin PBXSourcesBuildPhase section */
		DD6268D3282BE3AB00781CEF /* Sources */ = {
			isa = PBXSourcesBuildPhase;
			buildActionMask = 2147483647;
			files = (
				DD6268DD282BE3AB00781CEF /* ContentView.swift in Sources */,
				DD6268EA282BE3D400781CEF /* CatalogoView.swift in Sources */,
				DD6268EC282BE3EB00781CEF /* FavoritosView.swift in Sources */,
				DD6268F0282BEA4900781CEF /* CardAnimalView.swift in Sources */,
				DD6268DB282BE3AB00781CEF /* BirdDexApp.swift in Sources */,
				DDEA7847282C867900F958F0 /* Passaro.swift in Sources */,
			);
			runOnlyForDeploymentPostprocessing = 0;
		};
/* End PBXSourcesBuildPhase section */

/* Begin XCBuildConfiguration section */
		DD6268E3282BE3AD00781CEF /* Debug */ = {
			isa = XCBuildConfiguration;
			buildSettings = {
				ALWAYS_SEARCH_USER_PATHS = NO;
				CLANG_ANALYZER_NONNULL = YES;
				CLANG_ANALYZER_NUMBER_OBJECT_CONVERSION = YES_AGGRESSIVE;
				CLANG_CXX_LANGUAGE_STANDARD = "gnu++17";
				CLANG_ENABLE_MODULES = YES;
				CLANG_ENABLE_OBJC_ARC = YES;
				CLANG_ENABLE_OBJC_WEAK = YES;
				CLANG_WARN_BLOCK_CAPTURE_AUTORELEASING = YES;
				CLANG_WARN_BOOL_CONVERSION = YES;
				CLANG_WARN_COMMA = YES;
				CLANG_WARN_CONSTANT_CONVERSION = YES;
				CLANG_WARN_DEPRECATED_OBJC_IMPLEMENTATIONS = YES;
				CLANG_WARN_DIRECT_OBJC_ISA_USAGE = YES_ERROR;
				CLANG_WARN_DOCUMENTATION_COMMENTS = YES;
				CLANG_WARN_EMPTY_BODY = YES;
				CLANG_WARN_ENUM_CONVERSION = YES;
				CLANG_WARN_INFINITE_RECURSION = YES;
				CLANG_WARN_INT_CONVERSION = YES;
				CLANG_WARN_NON_LITERAL_NULL_CONVERSION = YES;
				CLANG_WARN_OBJC_IMPLICIT_RETAIN_SELF = YES;
				CLANG_WARN_OBJC_LITERAL_CONVERSION = YES;
				CLANG_WARN_OBJC_ROOT_CLASS = YES_ERROR;
				CLANG_WARN_QUOTED_INCLUDE_IN_FRAMEWORK_HEADER = YES;
				CLANG_WARN_RANGE_LOOP_ANALYSIS = YES;
				CLANG_WARN_STRICT_PROTOTYPES = YES;
				CLANG_WARN_SUSPICIOUS_MOVE = YES;
				CLANG_WARN_UNGUARDED_AVAILABILITY = YES_AGGRESSIVE;
				CLANG_WARN_UNREACHABLE_CODE = YES;
				CLANG_WARN__DUPLICATE_METHOD_MATCH = YES;
				COPY_PHASE_STRIP = NO;
				DEBUG_INFORMATION_FORMAT = dwarf;
				ENABLE_STRICT_OBJC_MSGSEND = YES;
				ENABLE_TESTABILITY = YES;
				GCC_C_LANGUAGE_STANDARD = gnu11;
				GCC_DYNAMIC_NO_PIC = NO;
				GCC_NO_COMMON_BLOCKS = YES;
				GCC_OPTIMIZATION_LEVEL = 0;
				GCC_PREPROCESSOR_DEFINITIONS = (
					"DEBUG=1",
					"$(inherited)",
				);
				GCC_WARN_64_TO_32_BIT_CONVERSION = YES;
				GCC_WARN_ABOUT_RETURN_TYPE = YES_ERROR;
				GCC_WARN_UNDECLARED_SELECTOR = YES;
				GCC_WARN_UNINITIALIZED_AUTOS = YES_AGGRESSIVE;
				GCC_WARN_UNUSED_FUNCTION = YES;
				GCC_WARN_UNUSED_VARIABLE = YES;
				IPHONEOS_DEPLOYMENT_TARGET = 15.4;
				MTL_ENABLE_DEBUG_INFO = INCLUDE_SOURCE;
				MTL_FAST_MATH = YES;
				ONLY_ACTIVE_ARCH = YES;
				SDKROOT = iphoneos;
				SWIFT_ACTIVE_COMPILATION_CONDITIONS = DEBUG;
				SWIFT_OPTIMIZATION_LEVEL = "-Onone";
			};
			name = Debug;
		};
		DD6268E4282BE3AD00781CEF /* Release */ = {
			isa = XCBuildConfiguration;
			buildSettings = {
				ALWAYS_SEARCH_USER_PATHS = NO;
				CLANG_ANALYZER_NONNULL = YES;
				CLANG_ANALYZER_NUMBER_OBJECT_CONVERSION = YES_AGGRESSIVE;
				CLANG_CXX_LANGUAGE_STANDARD = "gnu++17";
				CLANG_ENABLE_MODULES = YES;
				CLANG_ENABLE_OBJC_ARC = YES;
				CLANG_ENABLE_OBJC_WEAK = YES;
				CLANG_WARN_BLOCK_CAPTURE_AUTORELEASING = YES;
				CLANG_WARN_BOOL_CONVERSION = YES;
				CLANG_WARN_COMMA = YES;
				CLANG_WARN_CONSTANT_CONVERSION = YES;
				CLANG_WARN_DEPRECATED_OBJC_IMPLEMENTATIONS = YES;
				CLANG_WARN_DIRECT_OBJC_ISA_USAGE = YES_ERROR;
				CLANG_WARN_DOCUMENTATION_COMMENTS = YES;
				CLANG_WARN_EMPTY_BODY = YES;
				CLANG_WARN_ENUM_CONVERSION = YES;
				CLANG_WARN_INFINITE_RECURSION = YES;
				CLANG_WARN_INT_CONVERSION = YES;
				CLANG_WARN_NON_LITERAL_NULL_CONVERSION = YES;
				CLANG_WARN_OBJC_IMPLICIT_RETAIN_SELF = YES;
				CLANG_WARN_OBJC_LITERAL_CONVERSION = YES;
				CLANG_WARN_OBJC_ROOT_CLASS = YES_ERROR;
				CLANG_WARN_QUOTED_INCLUDE_IN_FRAMEWORK_HEADER = YES;
				CLANG_WARN_RANGE_LOOP_ANALYSIS = YES;
				CLANG_WARN_STRICT_PROTOTYPES = YES;
				CLANG_WARN_SUSPICIOUS_MOVE = YES;
				CLANG_WARN_UNGUARDED_AVAILABILITY = YES_AGGRESSIVE;
				CLANG_WARN_UNREACHABLE_CODE = YES;
				CLANG_WARN__DUPLICATE_METHOD_MATCH = YES;
				COPY_PHASE_STRIP = NO;
				DEBUG_INFORMATION_FORMAT = "dwarf-with-dsym";
				ENABLE_NS_ASSERTIONS = NO;
				ENABLE_STRICT_OBJC_MSGSEND = YES;
				GCC_C_LANGUAGE_STANDARD = gnu11;
				GCC_NO_COMMON_BLOCKS = YES;
				GCC_WARN_64_TO_32_BIT_CONVERSION = YES;
				GCC_WARN_ABOUT_RETURN_TYPE = YES_ERROR;
				GCC_WARN_UNDECLARED_SELECTOR = YES;
				GCC_WARN_UNINITIALIZED_AUTOS = YES_AGGRESSIVE;
				GCC_WARN_UNUSED_FUNCTION = YES;
				GCC_WARN_UNUSED_VARIABLE = YES;
				IPHONEOS_DEPLOYMENT_TARGET = 15.4;
				MTL_ENABLE_DEBUG_INFO = NO;
				MTL_FAST_MATH = YES;
				SDKROOT = iphoneos;
				SWIFT_COMPILATION_MODE = wholemodule;
				SWIFT_OPTIMIZATION_LEVEL = "-O";
				VALIDATE_PRODUCT = YES;
			};
			name = Release;
		};
		DD6268E6282BE3AD00781CEF /* Debug */ = {
			isa = XCBuildConfiguration;
			buildSettings = {
				ASSETCATALOG_COMPILER_APPICON_NAME = AppIcon;
				ASSETCATALOG_COMPILER_GLOBAL_ACCENT_COLOR_NAME = AccentColor;
				CODE_SIGN_STYLE = Automatic;
				CURRENT_PROJECT_VERSION = 1;
				DEVELOPMENT_ASSET_PATHS = "\"BirdDex/Preview Content\"";
				DEVELOPMENT_TEAM = 2D837DJ3YC;
				ENABLE_PREVIEWS = YES;
				GENERATE_INFOPLIST_FILE = YES;
				INFOPLIST_KEY_UIApplicationSceneManifest_Generation = YES;
				INFOPLIST_KEY_UIApplicationSupportsIndirectInputEvents = YES;
				INFOPLIST_KEY_UILaunchScreen_Generation = YES;
				INFOPLIST_KEY_UISupportedInterfaceOrientations_iPad = "UIInterfaceOrientationPortrait UIInterfaceOrientationPortraitUpsideDown UIInterfaceOrientationLandscapeLeft UIInterfaceOrientationLandscapeRight";
				INFOPLIST_KEY_UISupportedInterfaceOrientations_iPhone = "UIInterfaceOrientationPortrait UIInterfaceOrientationLandscapeLeft UIInterfaceOrientationLandscapeRight";
				LD_RUNPATH_SEARCH_PATHS = (
					"$(inherited)",
					"@executable_path/Frameworks",
				);
				MARKETING_VERSION = 1.0;
				PRODUCT_BUNDLE_IDENTIFIER = ciceronascimento.BirdDex;
				PRODUCT_NAME = "$(TARGET_NAME)";
				SWIFT_EMIT_LOC_STRINGS = YES;
				SWIFT_VERSION = 5.0;
				TARGETED_DEVICE_FAMILY = "1,2";
			};
			name = Debug;
		};
		DD6268E7282BE3AD00781CEF /* Release */ = {
			isa = XCBuildConfiguration;
			buildSettings = {
				ASSETCATALOG_COMPILER_APPICON_NAME = AppIcon;
				ASSETCATALOG_COMPILER_GLOBAL_ACCENT_COLOR_NAME = AccentColor;
				CODE_SIGN_STYLE = Automatic;
				CURRENT_PROJECT_VERSION = 1;
				DEVELOPMENT_ASSET_PATHS = "\"BirdDex/Preview Content\"";
				DEVELOPMENT_TEAM = 2D837DJ3YC;
				ENABLE_PREVIEWS = YES;
				GENERATE_INFOPLIST_FILE = YES;
				INFOPLIST_KEY_UIApplicationSceneManifest_Generation = YES;
				INFOPLIST_KEY_UIApplicationSupportsIndirectInputEvents = YES;
				INFOPLIST_KEY_UILaunchScreen_Generation = YES;
				INFOPLIST_KEY_UISupportedInterfaceOrientations_iPad = "UIInterfaceOrientationPortrait UIInterfaceOrientationPortraitUpsideDown UIInterfaceOrientationLandscapeLeft UIInterfaceOrientationLandscapeRight";
				INFOPLIST_KEY_UISupportedInterfaceOrientations_iPhone = "UIInterfaceOrientationPortrait UIInterfaceOrientationLandscapeLeft UIInterfaceOrientationLandscapeRight";
				LD_RUNPATH_SEARCH_PATHS = (
					"$(inherited)",
					"@executable_path/Frameworks",
				);
				MARKETING_VERSION = 1.0;
				PRODUCT_BUNDLE_IDENTIFIER = ciceronascimento.BirdDex;
				PRODUCT_NAME = "$(TARGET_NAME)";
				SWIFT_EMIT_LOC_STRINGS = YES;
				SWIFT_VERSION = 5.0;
				TARGETED_DEVICE_FAMILY = "1,2";
			};
			name = Release;
		};
/* End XCBuildConfiguration section */

/* Begin XCConfigurationList section */
		DD6268D2282BE3AB00781CEF /* Build configuration list for PBXProject "BirdDex" */ = {
			isa = XCConfigurationList;
			buildConfigurations = (
				DD6268E3282BE3AD00781CEF /* Debug */,
				DD6268E4282BE3AD00781CEF /* Release */,
			);
			defaultConfigurationIsVisible = 0;
			defaultConfigurationName = Release;
		};
		DD6268E5282BE3AD00781CEF /* Build configuration list for PBXNativeTarget "BirdDex" */ = {
			isa = XCConfigurationList;
			buildConfigurations = (
				DD6268E6282BE3AD00781CEF /* Debug */,
				DD6268E7282BE3AD00781CEF /* Release */,
			);
			defaultConfigurationIsVisible = 0;
			defaultConfigurationName = Release;
		};
/* End XCConfigurationList section */
	};
	rootObject = DD6268CF282BE3AB00781CEF /* Project object */;
}
